
Microsoft Visual Studio Solution File, Format Version 12.00
Project("{FAE04EC0-301F-11D3-BF4B-00C04F79EFBC}") = "BusOpgave", "BusOpgave\BusOpgave.csproj", "{711D734C-606F-4A56-9F2C-5B4FF6FF1041}"
EndProject
Project("{FAE04EC0-301F-11D3-BF4B-00C04F79EFBC}") = "TestProject1", "TestProject1\TestProject1.csproj", "{3D909CE9-8D4C-426F-9635-61B6C3891FBB}"
EndProject
Project("{FAE04EC0-301F-11D3-BF4B-00C04F79EFBC}") = "GradeTest", "GradeTest\GradeTest.csproj", "{30401C57-988F-45C4-B251-D3785A999F45}"
EndProject
Project("{FAE04EC0-301F-11D3-BF4B-00C04F79EFBC}") = "GradeOpgave", "GradeOpgave\GradeOpgave.csproj", "{D00A52A5-AF74-4ECB-8A5E-DD2A14246CA4}"
EndProject
Global
	GlobalSection(SolutionConfigurationPlatforms) = preSolution
		Debug|Any CPU = Debug|Any CPU
		Release|Any CPU = Release|Any CPU
	EndGlobalSection
	GlobalSection(ProjectConfigurationPlatforms) = postSolution
		{711D734C-606F-4A56-9F2C-5B4FF6FF1041}.Debug|Any CPU.ActiveCfg = Debug|Any CPU
		{711D734C-606F-4A56-9F2C-5B4FF6FF1041}.Debug|Any CPU.Build.0 = Debug|Any CPU
		{711D734C-606F-4A56-9F2C-5B4FF6FF1041}.Release|Any CPU.ActiveCfg = Release|Any CPU
		{711D734C-606F-4A56-9F2C-5B4FF6FF1041}.Release|Any CPU.Build.0 = Release|Any CPU
		{3D909CE9-8D4C-426F-9635-61B6C3891FBB}.Debug|Any CPU.ActiveCfg = Debug|Any CPU
		{3D909CE9-8D4C-426F-9635-61B6C3891FBB}.Debug|Any CPU.Build.0 = Debug|Any CPU
		{3D909CE9-8D4C-426F-9635-61B6C3891FBB}.Release|Any CPU.ActiveCfg = Release|Any CPU
		{3D909CE9-8D4C-426F-9635-61B6C3891FBB}.Release|Any CPU.Build.0 = Release|Any CPU
		{30401C57-988F-45C4-B251-D3785A999F45}.Debug|Any CPU.ActiveCfg = Debug|Any CPU
		{30401C57-988F-45C4-B251-D3785A999F45}.Debug|Any CPU.Build.0 = Debug|Any CPU
		{30401C57-988F-45C4-B251-D3785A999F45}.Release|Any CPU.ActiveCfg = Release|Any CPU
		{30401C57-988F-45C4-B251-D3785A999F45}.Release|Any CPU.Build.0 = Release|Any CPU
		{D00A52A5-AF74-4ECB-8A5E-DD2A14246CA4}.Debug|Any CPU.ActiveCfg = Debug|Any CPU
		{D00A52A5-AF74-4ECB-8A5E-DD2A14246CA4}.Debug|Any CPU.Build.0 = Debug|Any CPU
		{D00A52A5-AF74-4ECB-8A5E-DD2A14246CA4}.Release|Any CPU.ActiveCfg = Release|Any CPU
		{D00A52A5-AF74-4ECB-8A5E-DD2A14246CA4}.Release|Any CPU.Build.0 = Release|Any CPU
	EndGlobalSection
EndGlobal
